schema: '2.0'
stages:
  mace_mp_0b3_PLF547_Benchmark:
    cmd: zntrack run calc_PLF547.PLF547_Benchmark --name
      mace_mp_0b3_PLF547_Benchmark
    params:
      params.yaml:
        mace_mp_0b3_PLF547_Benchmark:
          model:
            _cls: mlipx.nodes.generic_ase.GenericASECalculator
            class_name: mace_mp
            device: auto
            kwargs:
              model: medium-0b3
            module: mace.calculators
            spec:
          model_name: mace_mp_0b3
    outs:
    - path: nodes/mace_mp_0b3/PLF547_Benchmark/node-meta.json
      hash: md5
      md5: 23eeb497d1243d881999632ea6819ad1
      size: 692
