schema: '2.0'
stages:
  mace_mp_0a_OC157Benchmark:
    cmd: zntrack run calc_OC157.OC157Benchmark --name mace_mp_0a_OC157Benchmark
    params:
      params.yaml:
        mace_mp_0a_OC157Benchmark:
          model:
            _cls: mlipx.nodes.generic_ase.GenericASECalculator
            class_name: mace_mp
            device: auto
            kwargs:
              model: medium
            module: mace.calculators
            spec:
          model_name: mace_mp_0a
    outs:
    - path: nodes/mace_mp_0a/OC157Benchmark/node-meta.json
      hash: md5
      md5: 35a5da9471d9dc8115a93369c3d18f77
      size: 678
  mace_mp_0b3_OC157Benchmark:
    cmd: zntrack run calc_OC157.OC157Benchmark --name mace_mp_0b3_OC157Benchmark
    params:
      params.yaml:
        mace_mp_0b3_OC157Benchmark:
          model:
            _cls: mlipx.nodes.generic_ase.GenericASECalculator
            class_name: mace_mp
            device: auto
            kwargs:
              model: medium-0b3
            module: mace.calculators
            spec:
          model_name: mace_mp_0b3
    outs:
    - path: nodes/mace_mp_0b3/OC157Benchmark/node-meta.json
      hash: md5
      md5: 631b85d4ff0f58994e474856e344905b
      size: 685
